
Microsoft Visual Studio Solution File, Format Version 12.00
# Visual Studio Version 17
VisualStudioVersion = 17.5.33516.290
MinimumVisualStudioVersion = 10.0.40219.1
Project("{9A19103F-16F7-4668-BE54-9A1E7A4F7556}") = "Zad1_producer", "Zad1_producer\Zad1_producer.csproj", "{A5963063-AB9C-4F6E-8452-28F4198397DC}"
EndProject
Project("{9A19103F-16F7-4668-BE54-9A1E7A4F7556}") = "Zad1_Consumer", "Zad1_Consumer\Zad1_Consumer.csproj", "{B26FB35C-A482-43FF-AC73-0075C52D4A81}"
EndProject
Project("{FAE04EC0-301F-11D3-BF4B-00C04F79EFBC}") = "Zad1_MailObject", "Zad1_MailObject\Zad1_MailObject.csproj", "{7DF86840-9CE7-4704-9C9A-6CE689EDCDAE}"
EndProject
Global
	GlobalSection(SolutionConfigurationPlatforms) = preSolution
		Debug|Any CPU = Debug|Any CPU
		Release|Any CPU = Release|Any CPU
	EndGlobalSection
	GlobalSection(ProjectConfigurationPlatforms) = postSolution
		{A5963063-AB9C-4F6E-8452-28F4198397DC}.Debug|Any CPU.ActiveCfg = Debug|Any CPU
		{A5963063-AB9C-4F6E-8452-28F4198397DC}.Debug|Any CPU.Build.0 = Debug|Any CPU
		{A5963063-AB9C-4F6E-8452-28F4198397DC}.Release|Any CPU.ActiveCfg = Release|Any CPU
		{A5963063-AB9C-4F6E-8452-28F4198397DC}.Release|Any CPU.Build.0 = Release|Any CPU
		{B26FB35C-A482-43FF-AC73-0075C52D4A81}.Debug|Any CPU.ActiveCfg = Debug|Any CPU
		{B26FB35C-A482-43FF-AC73-0075C52D4A81}.Debug|Any CPU.Build.0 = Debug|Any CPU
		{B26FB35C-A482-43FF-AC73-0075C52D4A81}.Release|Any CPU.ActiveCfg = Release|Any CPU
		{B26FB35C-A482-43FF-AC73-0075C52D4A81}.Release|Any CPU.Build.0 = Release|Any CPU
		{7DF86840-9CE7-4704-9C9A-6CE689EDCDAE}.Debug|Any CPU.ActiveCfg = Debug|Any CPU
		{7DF86840-9CE7-4704-9C9A-6CE689EDCDAE}.Debug|Any CPU.Build.0 = Debug|Any CPU
		{7DF86840-9CE7-4704-9C9A-6CE689EDCDAE}.Release|Any CPU.ActiveCfg = Release|Any CPU
		{7DF86840-9CE7-4704-9C9A-6CE689EDCDAE}.Release|Any CPU.Build.0 = Release|Any CPU
	EndGlobalSection
	GlobalSection(SolutionProperties) = preSolution
		HideSolutionNode = FALSE
	EndGlobalSection
	GlobalSection(ExtensibilityGlobals) = postSolution
		SolutionGuid = {BEFD7A9F-A39D-45A7-ABDC-DBEAE093A9D9}
	EndGlobalSection
EndGlobal
